{
  "nodes": {
    "base16": {
      "inputs": {
        "fromYaml": "fromYaml"
      },
      "locked": {
        "lastModified": 1689633990,
        "narHash": "sha256-iwvQg2Vx0IIDWZaKo8Xmzxlv1YPHg+Kp/QSv8dRv0RY=",
        "owner": "SenchoPens",
        "repo": "base16.nix",
        "rev": "dddf2e1c04845d43c89a8e9e37d574519649a404",
        "type": "github"
      },
      "original": {
        "owner": "SenchoPens",
        "repo": "base16.nix",
        "type": "github"
      }
    },
    "firefox-gnome-theme": {
      "flake": false,
      "locked": {
        "lastModified": 1696121307,
        "narHash": "sha256-jmYHoZYx2/dSvDH/khg7vi2qaKKuXK1g8pnvcRyLw/4=",
        "owner": "rafaelmardojai",
        "repo": "firefox-gnome-theme",
        "rev": "ecac4b99d490e57af2c0d5ffa89b5923ca838a35",
        "type": "github"
      },
      "original": {
        "owner": "rafaelmardojai",
        "repo": "firefox-gnome-theme",
        "type": "github"
      }
    },
    "flake-compat": {
      "flake": false,
      "locked": {
        "lastModified": 1673956053,
        "narHash": "sha256-4gtG9iQuiKITOjNQQeQIpoIB6b16fm+504Ch3sNKLd8=",
        "owner": "edolstra",
        "repo": "flake-compat",
        "rev": "35bb57c0c8d8b62bbfd284272c928ceb64ddbde9",
        "type": "github"
      },
      "original": {
        "owner": "edolstra",
        "repo": "flake-compat",
        "type": "github"
      }
    },
    "flake-parts": {
      "inputs": {
        "nixpkgs-lib": "nixpkgs-lib"
      },
      "locked": {
        "lastModified": 1693611461,
        "narHash": "sha256-aPODl8vAgGQ0ZYFIRisxYG5MOGSkIczvu2Cd8Gb9+1Y=",
        "owner": "hercules-ci",
        "repo": "flake-parts",
        "rev": "7f53fdb7bdc5bb237da7fefef12d099e4fd611ca",
        "type": "github"
      },
      "original": {
        "owner": "hercules-ci",
        "repo": "flake-parts",
        "type": "github"
      }
    },
    "fromYaml": {
      "flake": false,
      "locked": {
        "lastModified": 1689549921,
        "narHash": "sha256-iX0pk/uB019TdBGlaJEWvBCfydT6sRq+eDcGPifVsCM=",
        "owner": "SenchoPens",
        "repo": "fromYaml",
        "rev": "11fbbbfb32e3289d3c631e0134a23854e7865c84",
        "type": "github"
      },
      "original": {
        "owner": "SenchoPens",
        "repo": "fromYaml",
        "type": "github"
      }
    },
    "home-manager": {
      "inputs": {
        "nixpkgs": [
          "nixpkgs"
        ]
      },
      "locked": {
        "lastModified": 1696409884,
        "narHash": "sha256-hz3i4wFJHoTIAEI19oF1fiPn6TpV+VuTSOrSHUoJMgs=",
        "owner": "nix-community",
        "repo": "home-manager",
        "rev": "8aef005d44ee726911e9f793495bb40f2fbf5a05",
        "type": "github"
      },
      "original": {
        "owner": "nix-community",
        "repo": "home-manager",
        "type": "github"
      }
    },
    "home-manager_2": {
      "inputs": {
        "nixpkgs": [
          "stylix",
          "nixpkgs"
        ]
      },
      "locked": {
        "lastModified": 1691882297,
        "narHash": "sha256-e1/LAQSGLnBywfA1TfMl0Vj3tvYka73XOZ/D2/CJowE=",
        "owner": "nix-community",
        "repo": "home-manager",
        "rev": "c3ab5ea047e6dc73df530948f7367455749d8906",
        "type": "github"
      },
      "original": {
        "owner": "nix-community",
        "repo": "home-manager",
        "type": "github"
      }
    },
    "nix-gaming": {
      "inputs": {
        "flake-parts": "flake-parts",
        "nixpkgs": [
          "nixpkgs"
        ]
      },
      "locked": {
        "lastModified": 1696332552,
        "narHash": "sha256-chsT/zHLDn1+gOACWtQmZrSWlVPTuNBYCSa9uZkQsvE=",
        "owner": "fufexan",
        "repo": "nix-gaming",
        "rev": "cd66002bb827370c9076cadda5584b7ed15f7480",
        "type": "github"
      },
      "original": {
        "owner": "fufexan",
        "repo": "nix-gaming",
        "type": "github"
      }
    },
    "nixpkgs": {
      "locked": {
        "lastModified": 1696193975,
        "narHash": "sha256-mnQjUcYgp9Guu3RNVAB2Srr1TqKcPpRXmJf4LJk6KRY=",
        "owner": "nixos",
        "repo": "nixpkgs",
        "rev": "fdd898f8f79e8d2f99ed2ab6b3751811ef683242",
        "type": "github"
      },
      "original": {
        "owner": "nixos",
        "ref": "nixos-unstable",
        "repo": "nixpkgs",
        "type": "github"
      }
    },
    "nixpkgs-lib": {
      "locked": {
        "dir": "lib",
        "lastModified": 1693471703,
        "narHash": "sha256-0l03ZBL8P1P6z8MaSDS/MvuU8E75rVxe5eE1N6gxeTo=",
        "owner": "NixOS",
        "repo": "nixpkgs",
        "rev": "3e52e76b70d5508f3cec70b882a29199f4d1ee85",
        "type": "github"
      },
      "original": {
        "dir": "lib",
        "owner": "NixOS",
        "ref": "nixos-unstable",
        "repo": "nixpkgs",
        "type": "github"
      }
    },
    "nixpkgs-master": {
      "locked": {
        "lastModified": 1696429540,
        "narHash": "sha256-5E1T5OQkImk3hsZ9D7xpGbEGt/8bD8ciZyYS9/laPz4=",
        "owner": "nixos",
        "repo": "nixpkgs",
        "rev": "91782588964678a13e7aa4b90910964d9db56314",
        "type": "github"
      },
      "original": {
        "owner": "nixos",
        "repo": "nixpkgs",
        "type": "github"
      }
    },
    "nixpkgs_2": {
      "locked": {
        "lastModified": 1691853136,
        "narHash": "sha256-wTzDsRV4HN8A2Sl0SVQY0q8ILs90CD43Ha//7gNZE+E=",
        "owner": "NixOS",
        "repo": "nixpkgs",
        "rev": "f0451844bbdf545f696f029d1448de4906c7f753",
        "type": "github"
      },
      "original": {
        "owner": "NixOS",
        "ref": "nixpkgs-unstable",
        "repo": "nixpkgs",
        "type": "github"
      }
    },
    "programsdb": {
      "inputs": {
        "nixpkgs": [
          "nixpkgs"
        ],
        "utils": "utils"
      },
      "locked": {
        "lastModified": 1696377142,
        "narHash": "sha256-yTAncJAehy+w+4VLGZANE3kI6wa9+nklyD0mU49BJZE=",
        "owner": "wamserma",
        "repo": "flake-programs-sqlite",
        "rev": "2ac582da8e6d9fb4917bda7fc89ca5253365d6f5",
        "type": "github"
      },
      "original": {
        "owner": "wamserma",
        "repo": "flake-programs-sqlite",
        "type": "github"
      }
    },
    "root": {
      "inputs": {
        "firefox-gnome-theme": "firefox-gnome-theme",
        "home-manager": "home-manager",
        "nix-gaming": "nix-gaming",
        "nixpkgs": "nixpkgs",
        "nixpkgs-master": "nixpkgs-master",
        "programsdb": "programsdb",
        "stylix": "stylix"
      }
    },
    "stylix": {
      "inputs": {
        "base16": "base16",
        "flake-compat": "flake-compat",
        "home-manager": "home-manager_2",
        "nixpkgs": "nixpkgs_2"
      },
      "locked": {
        "lastModified": 1694375893,
        "narHash": "sha256-oJGESNjJ/6o6tfuUavBZ7go4Oun7g9YKv7OqaQaY/80=",
        "owner": "danth",
        "repo": "stylix",
        "rev": "c3c9f4784b4f08f6676340126858d936edbce1fa",
        "type": "github"
      },
      "original": {
        "owner": "danth",
        "repo": "stylix",
        "type": "github"
      }
    },
    "utils": {
      "locked": {
        "lastModified": 1678901627,
        "narHash": "sha256-U02riOqrKKzwjsxc/400XnElV+UtPUQWpANPlyazjH0=",
        "owner": "numtide",
        "repo": "flake-utils",
        "rev": "93a2b84fc4b70d9e089d029deacc3583435c2ed6",
        "type": "github"
      },
      "original": {
        "owner": "numtide",
        "repo": "flake-utils",
        "type": "github"
      }
    }
  },
  "root": "root",
  "version": 7
}
