{
  "nodes": {
    "adwaita-steam": {
      "flake": false,
      "locked": {
        "lastModified": 1691923029,
        "narHash": "sha256-0V0+knSgaiWO6CrOEowM2VIDM+Gi0GBxgzAio4rlvSk=",
        "owner": "tkashkin",
        "repo": "Adwaita-for-Steam",
        "rev": "984b39e1dabebaeb6e718fa240824ae3e0e6c6aa",
        "type": "github"
      },
      "original": {
        "owner": "tkashkin",
        "repo": "Adwaita-for-Steam",
        "type": "github"
      }
    },
    "base16": {
      "inputs": {
        "fromYaml": "fromYaml"
      },
      "locked": {
        "lastModified": 1689633990,
        "narHash": "sha256-iwvQg2Vx0IIDWZaKo8Xmzxlv1YPHg+Kp/QSv8dRv0RY=",
        "owner": "SenchoPens",
        "repo": "base16.nix",
        "rev": "dddf2e1c04845d43c89a8e9e37d574519649a404",
        "type": "github"
      },
      "original": {
        "owner": "SenchoPens",
        "repo": "base16.nix",
        "type": "github"
      }
    },
    "firefox-gnome-theme": {
      "flake": false,
      "locked": {
        "lastModified": 1691114147,
        "narHash": "sha256-0IS5na2WRSNWNygHhmZOcXhdrx2aFhCDQY8XVVeHf8Q=",
        "owner": "rafaelmardojai",
        "repo": "firefox-gnome-theme",
        "rev": "08884fb6be1c74a81f5e0a35a81c3f219e109028",
        "type": "github"
      },
      "original": {
        "owner": "rafaelmardojai",
        "repo": "firefox-gnome-theme",
        "type": "github"
      }
    },
    "flake-compat": {
      "flake": false,
      "locked": {
        "lastModified": 1673956053,
        "narHash": "sha256-4gtG9iQuiKITOjNQQeQIpoIB6b16fm+504Ch3sNKLd8=",
        "owner": "edolstra",
        "repo": "flake-compat",
        "rev": "35bb57c0c8d8b62bbfd284272c928ceb64ddbde9",
        "type": "github"
      },
      "original": {
        "owner": "edolstra",
        "repo": "flake-compat",
        "type": "github"
      }
    },
    "fromYaml": {
      "flake": false,
      "locked": {
        "lastModified": 1689549921,
        "narHash": "sha256-iX0pk/uB019TdBGlaJEWvBCfydT6sRq+eDcGPifVsCM=",
        "owner": "SenchoPens",
        "repo": "fromYaml",
        "rev": "11fbbbfb32e3289d3c631e0134a23854e7865c84",
        "type": "github"
      },
      "original": {
        "owner": "SenchoPens",
        "repo": "fromYaml",
        "type": "github"
      }
    },
    "home-manager": {
      "inputs": {
        "nixpkgs": [
          "nixpkgs"
        ]
      },
      "locked": {
        "lastModified": 1692260837,
        "narHash": "sha256-2FpkX1zl+7ni7djK7NeE1ZGupRUwZgjW+RPCSBgDf4k=",
        "owner": "nix-community",
        "repo": "home-manager",
        "rev": "6a94c1a59737783c282c4031555a289c28b961e4",
        "type": "github"
      },
      "original": {
        "owner": "nix-community",
        "repo": "home-manager",
        "type": "github"
      }
    },
    "home-manager_2": {
      "inputs": {
        "nixpkgs": [
          "stylix",
          "nixpkgs"
        ]
      },
      "locked": {
        "lastModified": 1689134369,
        "narHash": "sha256-0G9dutIvhS/WUr3Awcnqw71g8EVVvvkOhVDnDDbY4Fw=",
        "owner": "nix-community",
        "repo": "home-manager",
        "rev": "e42fb59768f0305085abde0dd27ab5e0cc15420c",
        "type": "github"
      },
      "original": {
        "owner": "nix-community",
        "repo": "home-manager",
        "type": "github"
      }
    },
    "nixpkgs": {
      "locked": {
        "lastModified": 1692174805,
        "narHash": "sha256-xmNPFDi/AUMIxwgOH/IVom55Dks34u1g7sFKKebxUm0=",
        "owner": "nixos",
        "repo": "nixpkgs",
        "rev": "caac0eb6bdcad0b32cb2522e03e4002c8975c62e",
        "type": "github"
      },
      "original": {
        "owner": "nixos",
        "ref": "nixos-unstable",
        "repo": "nixpkgs",
        "type": "github"
      }
    },
    "nixpkgs-google": {
      "locked": {
        "dirtyRev": "4c85ec65e1b1a944292d920e8787ba9ed64e60c0-dirty",
        "dirtyShortRev": "4c85ec65e1b-dirty",
        "lastModified": 1692221574,
        "narHash": "sha256-V2IuHXUFHFPjaOTmKF74z4MnQFMI4VAZs9gYmj+qxXQ=",
        "type": "git",
        "url": "file:/home/quadradical/Documents/Code/nixpkgs/"
      },
      "original": {
        "type": "git",
        "url": "file:/home/quadradical/Documents/Code/nixpkgs/"
      }
    },
    "nixpkgs-heroic": {
      "locked": {
        "lastModified": 1691099305,
        "narHash": "sha256-Yg3OGAt+wSakpBJoZNb1zuVU/kLPxOfbCXTWe11GeD0=",
        "owner": "aidalgol",
        "repo": "nixpkgs",
        "rev": "4523c65f95093a267ffe545a4be67a0d8773e0d5",
        "type": "github"
      },
      "original": {
        "owner": "aidalgol",
        "ref": "heroic-2.9",
        "repo": "nixpkgs",
        "type": "github"
      }
    },
    "nixpkgs_2": {
      "locked": {
        "lastModified": 1690441914,
        "narHash": "sha256-Ac+kJQ5z9MDAMyzSc0i0zJDx2i3qi9NjlW5Lz285G/I=",
        "owner": "NixOS",
        "repo": "nixpkgs",
        "rev": "db8672b8d0a2593c2405aed0c1dfa64b2a2f428f",
        "type": "github"
      },
      "original": {
        "owner": "NixOS",
        "ref": "nixpkgs-unstable",
        "repo": "nixpkgs",
        "type": "github"
      }
    },
    "programsdb": {
      "inputs": {
        "nixpkgs": [
          "nixpkgs"
        ],
        "utils": "utils"
      },
      "locked": {
        "lastModified": 1692276395,
        "narHash": "sha256-FPnMYkd8Q7SmREGA2c7VrR2PPG2crSYMQe08xYiwSc4=",
        "owner": "wamserma",
        "repo": "flake-programs-sqlite",
        "rev": "0d46a2c7b9ac7db45f738088e1d0cd6925fa15a3",
        "type": "github"
      },
      "original": {
        "owner": "wamserma",
        "repo": "flake-programs-sqlite",
        "type": "github"
      }
    },
    "root": {
      "inputs": {
        "adwaita-steam": "adwaita-steam",
        "firefox-gnome-theme": "firefox-gnome-theme",
        "home-manager": "home-manager",
        "nixpkgs": "nixpkgs",
        "nixpkgs-google": "nixpkgs-google",
        "nixpkgs-heroic": "nixpkgs-heroic",
        "programsdb": "programsdb",
        "stylix": "stylix"
      }
    },
    "stylix": {
      "inputs": {
        "base16": "base16",
        "flake-compat": "flake-compat",
        "home-manager": "home-manager_2",
        "nixpkgs": "nixpkgs_2"
      },
      "locked": {
        "lastModified": 1691942466,
        "narHash": "sha256-bK6FFbsKtyLKJLwgHerWp/EMMoWqE0UJk0KEbgYICbY=",
        "owner": "danth",
        "repo": "stylix",
        "rev": "beb35709c9a769a5f279d3177af778a15dcbda46",
        "type": "github"
      },
      "original": {
        "owner": "danth",
        "repo": "stylix",
        "type": "github"
      }
    },
    "utils": {
      "locked": {
        "lastModified": 1678901627,
        "narHash": "sha256-U02riOqrKKzwjsxc/400XnElV+UtPUQWpANPlyazjH0=",
        "owner": "numtide",
        "repo": "flake-utils",
        "rev": "93a2b84fc4b70d9e089d029deacc3583435c2ed6",
        "type": "github"
      },
      "original": {
        "owner": "numtide",
        "repo": "flake-utils",
        "type": "github"
      }
    }
  },
  "root": "root",
  "version": 7
}
